
Microsoft Visual Studio Solution File, Format Version 12.00
Project("{FAE04EC0-301F-11D3-BF4B-00C04F79EFBC}") = "Mediator.Lite", "Mediator.Lite\Mediator.Lite.csproj", "{D313F591-D525-4582-9905-54919925358F}"
EndProject
Project("{FAE04EC0-301F-11D3-BF4B-00C04F79EFBC}") = "Mediator.Lite.Sample", "Mediator.Lite.Sample\Mediator.Lite.Sample.csproj", "{E5F4A62D-0BEC-490F-B034-2DA0F7A84324}"
EndProject
Global
	GlobalSection(SolutionConfigurationPlatforms) = preSolution
		Debug|Any CPU = Debug|Any CPU
		Release|Any CPU = Release|Any CPU
	EndGlobalSection
	GlobalSection(ProjectConfigurationPlatforms) = postSolution
		{D313F591-D525-4582-9905-54919925358F}.Debug|Any CPU.ActiveCfg = Debug|Any CPU
		{D313F591-D525-4582-9905-54919925358F}.Debug|Any CPU.Build.0 = Debug|Any CPU
		{D313F591-D525-4582-9905-54919925358F}.Release|Any CPU.ActiveCfg = Release|Any CPU
		{D313F591-D525-4582-9905-54919925358F}.Release|Any CPU.Build.0 = Release|Any CPU
		{E5F4A62D-0BEC-490F-B034-2DA0F7A84324}.Debug|Any CPU.ActiveCfg = Debug|Any CPU
		{E5F4A62D-0BEC-490F-B034-2DA0F7A84324}.Debug|Any CPU.Build.0 = Debug|Any CPU
		{E5F4A62D-0BEC-490F-B034-2DA0F7A84324}.Release|Any CPU.ActiveCfg = Release|Any CPU
		{E5F4A62D-0BEC-490F-B034-2DA0F7A84324}.Release|Any CPU.Build.0 = Release|Any CPU
	EndGlobalSection
EndGlobal
